
Microsoft Visual Studio Solution File, Format Version 12.00
# Visual Studio Version 16
VisualStudioVersion = 16.0.29806.167
MinimumVisualStudioVersion = 10.0.40219.1
Project("{FAE04EC0-301F-11D3-BF4B-00C04F79EFBC}") = "HelloWorld", "HelloWorld\HelloWorld.csproj", "{1AD98006-8DE3-41A8-8EFF-9C83585AA5CF}"
EndProject
Global
	GlobalSection(SolutionConfigurationPlatforms) = preSolution
		Debug|Any CPU = Debug|Any CPU
		Release|Any CPU = Release|Any CPU
	EndGlobalSection
	GlobalSection(ProjectConfigurationPlatforms) = postSolution
		{1AD98006-8DE3-41A8-8EFF-9C83585AA5CF}.Debug|Any CPU.ActiveCfg = Debug|Any CPU
		{1AD98006-8DE3-41A8-8EFF-9C83585AA5CF}.Debug|Any CPU.Build.0 = Debug|Any CPU
		{1AD98006-8DE3-41A8-8EFF-9C83585AA5CF}.Release|Any CPU.ActiveCfg = Release|Any CPU
		{1AD98006-8DE3-41A8-8EFF-9C83585AA5CF}.Release|Any CPU.Build.0 = Release|Any CPU
	EndGlobalSection
	GlobalSection(SolutionProperties) = preSolution
		HideSolutionNode = FALSE
	EndGlobalSection
	GlobalSection(ExtensibilityGlobals) = postSolution
		SolutionGuid = {3E47CC7B-4956-4D1A-89F3-2B41EB4C2C5E}
	EndGlobalSection
EndGlobal
